Microsoft Visual Studio Solution File, Format Version 12.00
# Visual Studio 15
VisualStudioVersion = 15.0.26430.14
MinimumVisualStudioVersion = 10.0.40219.1
Project("{FAE04EC0-301F-11D3-BF4B-00C04F79EFBC}") = "ApimaticAPI.Standard", "ApimaticAPI.Standard/ApimaticAPI.Standard.csproj", "{b4531a95-1ac4-4b3b-8bb1-0985a9241d61}"
EndProject
Global
    GlobalSection(SolutionConfigurationPlatforms) = preSolution
        Debug|Any CPU = Debug|Any CPU
        Release|Any CPU = Release|Any CPU
    EndGlobalSection
    GlobalSection(ProjectConfigurationPlatforms) = postSolution
        {b4531a95-1ac4-4b3b-8bb1-0985a9241d61}.Debug|Any CPU.ActiveCfg = Debug|Any CPU
        {b4531a95-1ac4-4b3b-8bb1-0985a9241d61}.Debug|Any CPU.Build.0 = Debug|Any CPU
        {b4531a95-1ac4-4b3b-8bb1-0985a9241d61}.Release|Any CPU.ActiveCfg = Release|Any CPU
        {b4531a95-1ac4-4b3b-8bb1-0985a9241d61}.Release|Any CPU.Build.0 = Release|Any CPU
    EndGlobalSection
    GlobalSection(SolutionProperties) = preSolution
        HideSolutionNode = FALSE
    EndGlobalSection
EndGlobal
