Microsoft Visual Studio Solution File, Format Version 12.00
# Visual Studio Version 16
VisualStudioVersion = 16.0.31702.278
MinimumVisualStudioVersion = 10.0.40219.1
Project("{9A19103F-16F7-4668-BE54-9A1E7A4F7556}") = "DiseaseShAPI.Standard", "DiseaseShAPI.Standard\DiseaseShAPI.Standard.csproj", "{7AE33AC1-EA42-41F7-B2D5-10D02BD57A2F}"
EndProject
Project("{9A19103F-16F7-4668-BE54-9A1E7A4F7556}") = "DiseaseShAPI.Tests", "DiseaseShAPI.Tests\DiseaseShAPI.Tests.csproj", "{FFB53E36-2735-4B81-AFC3-48B3E162A3D9}"
EndProject
Global
	GlobalSection(SolutionConfigurationPlatforms) = preSolution
		Debug|Any CPU = Debug|Any CPU
		Release|Any CPU = Release|Any CPU
	EndGlobalSection
	GlobalSection(ProjectConfigurationPlatforms) = postSolution
		{7AE33AC1-EA42-41F7-B2D5-10D02BD57A2F}.Debug|Any CPU.ActiveCfg = Debug|Any CPU
		{7AE33AC1-EA42-41F7-B2D5-10D02BD57A2F}.Debug|Any CPU.Build.0 = Debug|Any CPU
		{7AE33AC1-EA42-41F7-B2D5-10D02BD57A2F}.Release|Any CPU.ActiveCfg = Release|Any CPU
		{7AE33AC1-EA42-41F7-B2D5-10D02BD57A2F}.Release|Any CPU.Build.0 = Release|Any CPU
		{FFB53E36-2735-4B81-AFC3-48B3E162A3D9}.Debug|Any CPU.ActiveCfg = Debug|Any CPU
		{FFB53E36-2735-4B81-AFC3-48B3E162A3D9}.Debug|Any CPU.Build.0 = Debug|Any CPU
		{FFB53E36-2735-4B81-AFC3-48B3E162A3D9}.Release|Any CPU.ActiveCfg = Release|Any CPU
		{FFB53E36-2735-4B81-AFC3-48B3E162A3D9}.Release|Any CPU.Build.0 = Release|Any CPU
	EndGlobalSection
	GlobalSection(SolutionProperties) = preSolution
		HideSolutionNode = FALSE
	EndGlobalSection
	GlobalSection(ExtensibilityGlobals) = postSolution
		SolutionGuid = {0D3D55A3-D22C-4E0B-B215-1916BF812BB2}
	EndGlobalSection
EndGlobal
